
Microsoft Visual Studio Solution File, Format Version 12.00
# Visual Studio 2013
VisualStudioVersion = 12.0.21005.1
MinimumVisualStudioVersion = 10.0.40219.1
Project("{FAE04EC0-301F-11D3-BF4B-00C04F79EFBC}") = "ClientDemo", "ClientDemo.csproj", "{337705C0-A5A5-4D44-80BB-647314BD3CBA}"
EndProject
Project("{8BC9CEB8-8B4A-11D0-8D11-00A0C91BC942}") = "CameraCapture", "..\CameraCapture\CameraCapture\CameraCapture.vcxproj", "{E011746B-4B5C-426C-BE91-E1EBE908E923}"
EndProject
Global
	GlobalSection(SolutionConfigurationPlatforms) = preSolution
		Debug|Mixed Platforms = Debug|Mixed Platforms
		Debug|Win32 = Debug|Win32
		Debug|x86 = Debug|x86
		Release|Mixed Platforms = Release|Mixed Platforms
		Release|Win32 = Release|Win32
		Release|x86 = Release|x86
	EndGlobalSection
	GlobalSection(ProjectConfigurationPlatforms) = postSolution
		{337705C0-A5A5-4D44-80BB-647314BD3CBA}.Debug|Mixed Platforms.ActiveCfg = Debug|x86
		{337705C0-A5A5-4D44-80BB-647314BD3CBA}.Debug|Mixed Platforms.Build.0 = Debug|x86
		{337705C0-A5A5-4D44-80BB-647314BD3CBA}.Debug|Win32.ActiveCfg = Debug|x86
		{337705C0-A5A5-4D44-80BB-647314BD3CBA}.Debug|Win32.Build.0 = Debug|x86
		{337705C0-A5A5-4D44-80BB-647314BD3CBA}.Debug|x86.ActiveCfg = Debug|x86
		{337705C0-A5A5-4D44-80BB-647314BD3CBA}.Debug|x86.Build.0 = Debug|x86
		{337705C0-A5A5-4D44-80BB-647314BD3CBA}.Release|Mixed Platforms.ActiveCfg = Release|x86
		{337705C0-A5A5-4D44-80BB-647314BD3CBA}.Release|Mixed Platforms.Build.0 = Release|x86
		{337705C0-A5A5-4D44-80BB-647314BD3CBA}.Release|Win32.ActiveCfg = Release|x86
		{337705C0-A5A5-4D44-80BB-647314BD3CBA}.Release|Win32.Build.0 = Release|x86
		{337705C0-A5A5-4D44-80BB-647314BD3CBA}.Release|x86.ActiveCfg = Release|x86
		{337705C0-A5A5-4D44-80BB-647314BD3CBA}.Release|x86.Build.0 = Release|x86
		{E011746B-4B5C-426C-BE91-E1EBE908E923}.Debug|Mixed Platforms.ActiveCfg = Debug|Win32
		{E011746B-4B5C-426C-BE91-E1EBE908E923}.Debug|Mixed Platforms.Build.0 = Debug|Win32
		{E011746B-4B5C-426C-BE91-E1EBE908E923}.Debug|Win32.ActiveCfg = Debug|Win32
		{E011746B-4B5C-426C-BE91-E1EBE908E923}.Debug|Win32.Build.0 = Debug|Win32
		{E011746B-4B5C-426C-BE91-E1EBE908E923}.Debug|x86.ActiveCfg = Debug|Win32
		{E011746B-4B5C-426C-BE91-E1EBE908E923}.Debug|x86.Build.0 = Debug|Win32
		{E011746B-4B5C-426C-BE91-E1EBE908E923}.Release|Mixed Platforms.ActiveCfg = Release|Win32
		{E011746B-4B5C-426C-BE91-E1EBE908E923}.Release|Mixed Platforms.Build.0 = Release|Win32
		{E011746B-4B5C-426C-BE91-E1EBE908E923}.Release|Win32.ActiveCfg = Release|Win32
		{E011746B-4B5C-426C-BE91-E1EBE908E923}.Release|Win32.Build.0 = Release|Win32
		{E011746B-4B5C-426C-BE91-E1EBE908E923}.Release|x86.ActiveCfg = Release|Win32
		{E011746B-4B5C-426C-BE91-E1EBE908E923}.Release|x86.Build.0 = Release|Win32
	EndGlobalSection
	GlobalSection(SolutionProperties) = preSolution
		HideSolutionNode = FALSE
	EndGlobalSection
EndGlobal
